// !$*UTF8*$!
{
	archiveVersion = 1;
	classes = {
	};
	objectVersion = 50;
	objects = {

/* Begin PBXBuildFile section */
		6E270847223639CC00B8DD89 /* main.swift in Sources */ = {isa = PBXBuildFile; fileRef = 6E270846223639CC00B8DD89 /* main.swift */; };
		6E27084E22363B1F00B8DD89 /* HeapStruct.swift in Sources */ = {isa = PBXBuildFile; fileRef = 6E27084D22363B1F00B8DD89 /* HeapStruct.swift */; };
		6EFF19CE223CB22C00AF885F /* Customer.swift in Sources */ = {isa = PBXBuildFile; fileRef = 6EFF19CD223CB22C00AF885F /* Customer.swift */; };
		6EFF19D0223CC4A000AF885F /* RandomManager.swift in Sources */ = {isa = PBXBuildFile; fileRef = 6EFF19CF223CC4A000AF885F /* RandomManager.swift */; };
		6EFF19D2223CD7D200AF885F /* ServiceWindow.swift in Sources */ = {isa = PBXBuildFile; fileRef = 6EFF19D1223CD7D200AF885F /* ServiceWindow.swift */; };
		6EFF19D4223CDB4E00AF885F /* Event.swift in Sources */ = {isa = PBXBuildFile; fileRef = 6EFF19D3223CDB4E00AF885F /* Event.swift */; };
		6EFF19D6223D096200AF885F /* NumberKey.swift in Sources */ = {isa = PBXBuildFile; fileRef = 6EFF19D5223D096200AF885F /* NumberKey.swift */; };
/* End PBXBuildFile section */

/* Begin PBXCopyFilesBuildPhase section */
		6E270841223639CC00B8DD89 /* CopyFiles */ = {
			isa = PBXCopyFilesBuildPhase;
			buildActionMask = 2147483647;
			dstPath = /usr/share/man/man1/;
			dstSubfolderSpec = 0;
			files = (
			);
			runOnlyForDeploymentPostprocessing = 1;
		};
/* End PBXCopyFilesBuildPhase section */

/* Begin PBXFileReference section */
		6E270843223639CC00B8DD89 /* day9 */ = {isa = PBXFileReference; explicitFileType = "compiled.mach-o.executable"; includeInIndex = 0; path = day9; sourceTree = BUILT_PRODUCTS_DIR; };
		6E270846223639CC00B8DD89 /* main.swift */ = {isa = PBXFileReference; lastKnownFileType = sourcecode.swift; path = main.swift; sourceTree = "<group>"; };
		6E27084D22363B1F00B8DD89 /* HeapStruct.swift */ = {isa = PBXFileReference; lastKnownFileType = sourcecode.swift; path = HeapStruct.swift; sourceTree = "<group>"; };
		6EFF19CD223CB22C00AF885F /* Customer.swift */ = {isa = PBXFileReference; lastKnownFileType = sourcecode.swift; path = Customer.swift; sourceTree = "<group>"; };
		6EFF19CF223CC4A000AF885F /* RandomManager.swift */ = {isa = PBXFileReference; lastKnownFileType = sourcecode.swift; path = RandomManager.swift; sourceTree = "<group>"; };
		6EFF19D1223CD7D200AF885F /* ServiceWindow.swift */ = {isa = PBXFileReference; lastKnownFileType = sourcecode.swift; path = ServiceWindow.swift; sourceTree = "<group>"; };
		6EFF19D3223CDB4E00AF885F /* Event.swift */ = {isa = PBXFileReference; lastKnownFileType = sourcecode.swift; path = Event.swift; sourceTree = "<group>"; };
		6EFF19D5223D096200AF885F /* NumberKey.swift */ = {isa = PBXFileReference; lastKnownFileType = sourcecode.swift; path = NumberKey.swift; sourceTree = "<group>"; };
/* End PBXFileReference section */

/* Begin PBXFrameworksBuildPhase section */
		6E270840223639CC00B8DD89 /* Frameworks */ = {
			isa = PBXFrameworksBuildPhase;
			buildActionMask = 2147483647;
			files = (
			);
			runOnlyForDeploymentPostprocessing = 0;
		};
/* End PBXFrameworksBuildPhase section */

/* Begin PBXGroup section */
		6E27083A223639CC00B8DD89 = {
			isa = PBXGroup;
			children = (
				6E270845223639CC00B8DD89 /* day9 */,
				6E270844223639CC00B8DD89 /* Products */,
			);
			sourceTree = "<group>";
		};
		6E270844223639CC00B8DD89 /* Products */ = {
			isa = PBXGroup;
			children = (
				6E270843223639CC00B8DD89 /* day9 */,
			);
			name = Products;
			sourceTree = "<group>";
		};
		6E270845223639CC00B8DD89 /* day9 */ = {
			isa = PBXGroup;
			children = (
				6E270846223639CC00B8DD89 /* main.swift */,
				6E27084D22363B1F00B8DD89 /* HeapStruct.swift */,
				6EFF19CD223CB22C00AF885F /* Customer.swift */,
				6EFF19D3223CDB4E00AF885F /* Event.swift */,
				6EFF19D1223CD7D200AF885F /* ServiceWindow.swift */,
				6EFF19CF223CC4A000AF885F /* RandomManager.swift */,
				6EFF19D5223D096200AF885F /* NumberKey.swift */,
			);
			path = day9;
			sourceTree = "<group>";
		};
/* End PBXGroup section */

/* Begin PBXNativeTarget section */
		6E270842223639CC00B8DD89 /* day9 */ = {
			isa = PBXNativeTarget;
			buildConfigurationList = 6E27084A223639CC00B8DD89 /* Build configuration list for PBXNativeTarget "day9" */;
			buildPhases = (
				6E27083F223639CC00B8DD89 /* Sources */,
				6E270840223639CC00B8DD89 /* Frameworks */,
				6E270841223639CC00B8DD89 /* CopyFiles */,
			);
			buildRules = (
			);
			dependencies = (
			);
			name = day9;
			productName = day9;
			productReference = 6E270843223639CC00B8DD89 /* day9 */;
			productType = "com.apple.product-type.tool";
		};
/* End PBXNativeTarget section */

/* Begin PBXProject section */
		6E27083B223639CC00B8DD89 /* Project object */ = {
			isa = PBXProject;
			attributes = {
				LastSwiftUpdateCheck = 1010;
				LastUpgradeCheck = 1010;
				ORGANIZATIONNAME = XLang;
				TargetAttributes = {
					6E270842223639CC00B8DD89 = {
						CreatedOnToolsVersion = 10.1;
					};
				};
			};
			buildConfigurationList = 6E27083E223639CC00B8DD89 /* Build configuration list for PBXProject "day9" */;
			compatibilityVersion = "Xcode 9.3";
			developmentRegion = en;
			hasScannedForEncodings = 0;
			knownRegions = (
				en,
			);
			mainGroup = 6E27083A223639CC00B8DD89;
			productRefGroup = 6E270844223639CC00B8DD89 /* Products */;
			projectDirPath = "";
			projectRoot = "";
			targets = (
				6E270842223639CC00B8DD89 /* day9 */,
			);
		};
/* End PBXProject section */

/* Begin PBXSourcesBuildPhase section */
		6E27083F223639CC00B8DD89 /* Sources */ = {
			isa = PBXSourcesBuildPhase;
			buildActionMask = 2147483647;
			files = (
				6EFF19CE223CB22C00AF885F /* Customer.swift in Sources */,
				6EFF19D6223D096200AF885F /* NumberKey.swift in Sources */,
				6E27084E22363B1F00B8DD89 /* HeapStruct.swift in Sources */,
				6EFF19D2223CD7D200AF885F /* ServiceWindow.swift in Sources */,
				6EFF19D0223CC4A000AF885F /* RandomManager.swift in Sources */,
				6EFF19D4223CDB4E00AF885F /* Event.swift in Sources */,
				6E270847223639CC00B8DD89 /* main.swift in Sources */,
			);
			runOnlyForDeploymentPostprocessing = 0;
		};
/* End PBXSourcesBuildPhase section */

/* Begin XCBuildConfiguration section */
		6E270848223639CC00B8DD89 /* Debug */ = {
			isa = XCBuildConfiguration;
			buildSettings = {
				ALWAYS_SEARCH_USER_PATHS = NO;
				CLANG_ANALYZER_NONNULL = YES;
				CLANG_ANALYZER_NUMBER_OBJECT_CONVERSION = YES_AGGRESSIVE;
				CLANG_CXX_LANGUAGE_STANDARD = "gnu++14";
				CLANG_CXX_LIBRARY = "libc++";
				CLANG_ENABLE_MODULES = YES;
				CLANG_ENABLE_OBJC_ARC = YES;
				CLANG_ENABLE_OBJC_WEAK = YES;
				CLANG_WARN_BLOCK_CAPTURE_AUTORELEASING = YES;
				CLANG_WARN_BOOL_CONVERSION = YES;
				CLANG_WARN_COMMA = YES;
				CLANG_WARN_CONSTANT_CONVERSION = YES;
				CLANG_WARN_DEPRECATED_OBJC_IMPLEMENTATIONS = YES;
				CLANG_WARN_DIRECT_OBJC_ISA_USAGE = YES_ERROR;
				CLANG_WARN_DOCUMENTATION_COMMENTS = YES;
				CLANG_WARN_EMPTY_BODY = YES;
				CLANG_WARN_ENUM_CONVERSION = YES;
				CLANG_WARN_INFINITE_RECURSION = YES;
				CLANG_WARN_INT_CONVERSION = YES;
				CLANG_WARN_NON_LITERAL_NULL_CONVERSION = YES;
				CLANG_WARN_OBJC_IMPLICIT_RETAIN_SELF = YES;
				CLANG_WARN_OBJC_LITERAL_CONVERSION = YES;
				CLANG_WARN_OBJC_ROOT_CLASS = YES_ERROR;
				CLANG_WARN_RANGE_LOOP_ANALYSIS = YES;
				CLANG_WARN_STRICT_PROTOTYPES = YES;
				CLANG_WARN_SUSPICIOUS_MOVE = YES;
				CLANG_WARN_UNGUARDED_AVAILABILITY = YES_AGGRESSIVE;
				CLANG_WARN_UNREACHABLE_CODE = YES;
				CLANG_WARN__DUPLICATE_METHOD_MATCH = YES;
				CODE_SIGN_IDENTITY = "Mac Developer";
				COPY_PHASE_STRIP = NO;
				DEBUG_INFORMATION_FORMAT = dwarf;
				ENABLE_STRICT_OBJC_MSGSEND = YES;
				ENABLE_TESTABILITY = YES;
				GCC_C_LANGUAGE_STANDARD = gnu11;
				GCC_DYNAMIC_NO_PIC = NO;
				GCC_NO_COMMON_BLOCKS = YES;
				GCC_OPTIMIZATION_LEVEL = 0;
				GCC_PREPROCESSOR_DEFINITIONS = (
					"DEBUG=1",
					"$(inherited)",
				);
				GCC_WARN_64_TO_32_BIT_CONVERSION = YES;
				GCC_WARN_ABOUT_RETURN_TYPE = YES_ERROR;
				GCC_WARN_UNDECLARED_SELECTOR = YES;
				GCC_WARN_UNINITIALIZED_AUTOS = YES_AGGRESSIVE;
				GCC_WARN_UNUSED_FUNCTION = YES;
				GCC_WARN_UNUSED_VARIABLE = YES;
				MACOSX_DEPLOYMENT_TARGET = 10.14;
				MTL_ENABLE_DEBUG_INFO = INCLUDE_SOURCE;
				MTL_FAST_MATH = YES;
				ONLY_ACTIVE_ARCH = YES;
				SDKROOT = macosx;
				SWIFT_ACTIVE_COMPILATION_CONDITIONS = DEBUG;
				SWIFT_OPTIMIZATION_LEVEL = "-Onone";
			};
			name = Debug;
		};
		6E270849223639CC00B8DD89 /* Release */ = {
			isa = XCBuildConfiguration;
			buildSettings = {
				ALWAYS_SEARCH_USER_PATHS = NO;
				CLANG_ANALYZER_NONNULL = YES;
				CLANG_ANALYZER_NUMBER_OBJECT_CONVERSION = YES_AGGRESSIVE;
				CLANG_CXX_LANGUAGE_STANDARD = "gnu++14";
				CLANG_CXX_LIBRARY = "libc++";
				CLANG_ENABLE_MODULES = YES;
				CLANG_ENABLE_OBJC_ARC = YES;
				CLANG_ENABLE_OBJC_WEAK = YES;
				CLANG_WARN_BLOCK_CAPTURE_AUTORELEASING = YES;
				CLANG_WARN_BOOL_CONVERSION = YES;
				CLANG_WARN_COMMA = YES;
				CLANG_WARN_CONSTANT_CONVERSION = YES;
				CLANG_WARN_DEPRECATED_OBJC_IMPLEMENTATIONS = YES;
				CLANG_WARN_DIRECT_OBJC_ISA_USAGE = YES_ERROR;
				CLANG_WARN_DOCUMENTATION_COMMENTS = YES;
				CLANG_WARN_EMPTY_BODY = YES;
				CLANG_WARN_ENUM_CONVERSION = YES;
				CLANG_WARN_INFINITE_RECURSION = YES;
				CLANG_WARN_INT_CONVERSION = YES;
				CLANG_WARN_NON_LITERAL_NULL_CONVERSION = YES;
				CLANG_WARN_OBJC_IMPLICIT_RETAIN_SELF = YES;
				CLANG_WARN_OBJC_LITERAL_CONVERSION = YES;
				CLANG_WARN_OBJC_ROOT_CLASS = YES_ERROR;
				CLANG_WARN_RANGE_LOOP_ANALYSIS = YES;
				CLANG_WARN_STRICT_PROTOTYPES = YES;
				CLANG_WARN_SUSPICIOUS_MOVE = YES;
				CLANG_WARN_UNGUARDED_AVAILABILITY = YES_AGGRESSIVE;
				CLANG_WARN_UNREACHABLE_CODE = YES;
				CLANG_WARN__DUPLICATE_METHOD_MATCH = YES;
				CODE_SIGN_IDENTITY = "Mac Developer";
				COPY_PHASE_STRIP = NO;
				DEBUG_INFORMATION_FORMAT = "dwarf-with-dsym";
				ENABLE_NS_ASSERTIONS = NO;
				ENABLE_STRICT_OBJC_MSGSEND = YES;
				GCC_C_LANGUAGE_STANDARD = gnu11;
				GCC_NO_COMMON_BLOCKS = YES;
				GCC_WARN_64_TO_32_BIT_CONVERSION = YES;
				GCC_WARN_ABOUT_RETURN_TYPE = YES_ERROR;
				GCC_WARN_UNDECLARED_SELECTOR = YES;
				GCC_WARN_UNINITIALIZED_AUTOS = YES_AGGRESSIVE;
				GCC_WARN_UNUSED_FUNCTION = YES;
				GCC_WARN_UNUSED_VARIABLE = YES;
				MACOSX_DEPLOYMENT_TARGET = 10.14;
				MTL_ENABLE_DEBUG_INFO = NO;
				MTL_FAST_MATH = YES;
				SDKROOT = macosx;
				SWIFT_COMPILATION_MODE = wholemodule;
				SWIFT_OPTIMIZATION_LEVEL = "-O";
			};
			name = Release;
		};
		6E27084B223639CC00B8DD89 /* Debug */ = {
			isa = XCBuildConfiguration;
			buildSettings = {
				CODE_SIGN_STYLE = Automatic;
				DEVELOPMENT_TEAM = FZ3KX6X928;
				PRODUCT_NAME = "$(TARGET_NAME)";
				SWIFT_VERSION = 4.2;
			};
			name = Debug;
		};
		6E27084C223639CC00B8DD89 /* Release */ = {
			isa = XCBuildConfiguration;
			buildSettings = {
				CODE_SIGN_STYLE = Automatic;
				DEVELOPMENT_TEAM = FZ3KX6X928;
				PRODUCT_NAME = "$(TARGET_NAME)";
				SWIFT_VERSION = 4.2;
			};
			name = Release;
		};
/* End XCBuildConfiguration section */

/* Begin XCConfigurationList section */
		6E27083E223639CC00B8DD89 /* Build configuration list for PBXProject "day9" */ = {
			isa = XCConfigurationList;
			buildConfigurations = (
				6E270848223639CC00B8DD89 /* Debug */,
				6E270849223639CC00B8DD89 /* Release */,
			);
			defaultConfigurationIsVisible = 0;
			defaultConfigurationName = Release;
		};
		6E27084A223639CC00B8DD89 /* Build configuration list for PBXNativeTarget "day9" */ = {
			isa = XCConfigurationList;
			buildConfigurations = (
				6E27084B223639CC00B8DD89 /* Debug */,
				6E27084C223639CC00B8DD89 /* Release */,
			);
			defaultConfigurationIsVisible = 0;
			defaultConfigurationName = Release;
		};
/* End XCConfigurationList section */
	};
	rootObject = 6E27083B223639CC00B8DD89 /* Project object */;
}
